
Microsoft Visual Studio Solution File, Format Version 12.00
# Visual Studio Version 16
VisualStudioVersion = 16.0.30406.217
MinimumVisualStudioVersion = 10.0.40219.1
Project("{9A19103F-16F7-4668-BE54-9A1E7A4F7556}") = "XFExpandableListView", "XFExpandableListView\XFExpandableListView.csproj", "{7817B6BB-E8F8-41DE-B087-5F7067318126}"
EndProject
Project("{2150E333-8FDC-42A3-9474-1A3956D46DE8}") = "Sample", "Sample", "{416D9CC9-4A36-425C-8E0F-FBA8BDEC5242}"
EndProject
Project("{9A19103F-16F7-4668-BE54-9A1E7A4F7556}") = "XFExpandableListViewSample", "Sample\XFExpandableListViewSample\XFExpandableListViewSample.csproj", "{0E9E27E3-7F19-4994-BE76-D3C3632E409A}"
EndProject
Project("{FAE04EC0-301F-11D3-BF4B-00C04F79EFBC}") = "XFExpandableListViewSample.Android", "Sample\XFExpandableListViewSample.Android\XFExpandableListViewSample.Android.csproj", "{C685107D-3A02-4CF8-9E79-639A8D796ECB}"
EndProject
Project("{FAE04EC0-301F-11D3-BF4B-00C04F79EFBC}") = "XFExpandableListViewSample.iOS", "Sample\XFExpandableListViewSample.iOS\XFExpandableListViewSample.iOS.csproj", "{E2F085B4-C89E-4288-BE2B-F67E87F67799}"
EndProject
Global
	GlobalSection(SolutionConfigurationPlatforms) = preSolution
		Debug|Any CPU = Debug|Any CPU
		Debug|iPhone = Debug|iPhone
		Debug|iPhoneSimulator = Debug|iPhoneSimulator
		Release|Any CPU = Release|Any CPU
		Release|iPhone = Release|iPhone
		Release|iPhoneSimulator = Release|iPhoneSimulator
	EndGlobalSection
	GlobalSection(ProjectConfigurationPlatforms) = postSolution
		{7817B6BB-E8F8-41DE-B087-5F7067318126}.Debug|Any CPU.ActiveCfg = Debug|Any CPU
		{7817B6BB-E8F8-41DE-B087-5F7067318126}.Debug|Any CPU.Build.0 = Debug|Any CPU
		{7817B6BB-E8F8-41DE-B087-5F7067318126}.Debug|iPhone.ActiveCfg = Debug|Any CPU
		{7817B6BB-E8F8-41DE-B087-5F7067318126}.Debug|iPhone.Build.0 = Debug|Any CPU
		{7817B6BB-E8F8-41DE-B087-5F7067318126}.Debug|iPhoneSimulator.ActiveCfg = Debug|Any CPU
		{7817B6BB-E8F8-41DE-B087-5F7067318126}.Debug|iPhoneSimulator.Build.0 = Debug|Any CPU
		{7817B6BB-E8F8-41DE-B087-5F7067318126}.Release|Any CPU.ActiveCfg = Release|Any CPU
		{7817B6BB-E8F8-41DE-B087-5F7067318126}.Release|Any CPU.Build.0 = Release|Any CPU
		{7817B6BB-E8F8-41DE-B087-5F7067318126}.Release|iPhone.ActiveCfg = Release|Any CPU
		{7817B6BB-E8F8-41DE-B087-5F7067318126}.Release|iPhone.Build.0 = Release|Any CPU
		{7817B6BB-E8F8-41DE-B087-5F7067318126}.Release|iPhoneSimulator.ActiveCfg = Release|Any CPU
		{7817B6BB-E8F8-41DE-B087-5F7067318126}.Release|iPhoneSimulator.Build.0 = Release|Any CPU
		{0E9E27E3-7F19-4994-BE76-D3C3632E409A}.Debug|Any CPU.ActiveCfg = Debug|Any CPU
		{0E9E27E3-7F19-4994-BE76-D3C3632E409A}.Debug|Any CPU.Build.0 = Debug|Any CPU
		{0E9E27E3-7F19-4994-BE76-D3C3632E409A}.Debug|iPhone.ActiveCfg = Debug|Any CPU
		{0E9E27E3-7F19-4994-BE76-D3C3632E409A}.Debug|iPhone.Build.0 = Debug|Any CPU
		{0E9E27E3-7F19-4994-BE76-D3C3632E409A}.Debug|iPhoneSimulator.ActiveCfg = Debug|Any CPU
		{0E9E27E3-7F19-4994-BE76-D3C3632E409A}.Debug|iPhoneSimulator.Build.0 = Debug|Any CPU
		{0E9E27E3-7F19-4994-BE76-D3C3632E409A}.Release|Any CPU.ActiveCfg = Release|Any CPU
		{0E9E27E3-7F19-4994-BE76-D3C3632E409A}.Release|Any CPU.Build.0 = Release|Any CPU
		{0E9E27E3-7F19-4994-BE76-D3C3632E409A}.Release|iPhone.ActiveCfg = Release|Any CPU
		{0E9E27E3-7F19-4994-BE76-D3C3632E409A}.Release|iPhone.Build.0 = Release|Any CPU
		{0E9E27E3-7F19-4994-BE76-D3C3632E409A}.Release|iPhoneSimulator.ActiveCfg = Release|Any CPU
		{0E9E27E3-7F19-4994-BE76-D3C3632E409A}.Release|iPhoneSimulator.Build.0 = Release|Any CPU
		{C685107D-3A02-4CF8-9E79-639A8D796ECB}.Debug|Any CPU.ActiveCfg = Debug|Any CPU
		{C685107D-3A02-4CF8-9E79-639A8D796ECB}.Debug|Any CPU.Build.0 = Debug|Any CPU
		{C685107D-3A02-4CF8-9E79-639A8D796ECB}.Debug|Any CPU.Deploy.0 = Debug|Any CPU
		{C685107D-3A02-4CF8-9E79-639A8D796ECB}.Debug|iPhone.ActiveCfg = Debug|Any CPU
		{C685107D-3A02-4CF8-9E79-639A8D796ECB}.Debug|iPhone.Build.0 = Debug|Any CPU
		{C685107D-3A02-4CF8-9E79-639A8D796ECB}.Debug|iPhone.Deploy.0 = Debug|Any CPU
		{C685107D-3A02-4CF8-9E79-639A8D796ECB}.Debug|iPhoneSimulator.ActiveCfg = Debug|Any CPU
		{C685107D-3A02-4CF8-9E79-639A8D796ECB}.Debug|iPhoneSimulator.Build.0 = Debug|Any CPU
		{C685107D-3A02-4CF8-9E79-639A8D796ECB}.Debug|iPhoneSimulator.Deploy.0 = Debug|Any CPU
		{C685107D-3A02-4CF8-9E79-639A8D796ECB}.Release|Any CPU.ActiveCfg = Release|Any CPU
		{C685107D-3A02-4CF8-9E79-639A8D796ECB}.Release|Any CPU.Build.0 = Release|Any CPU
		{C685107D-3A02-4CF8-9E79-639A8D796ECB}.Release|Any CPU.Deploy.0 = Release|Any CPU
		{C685107D-3A02-4CF8-9E79-639A8D796ECB}.Release|iPhone.ActiveCfg = Release|Any CPU
		{C685107D-3A02-4CF8-9E79-639A8D796ECB}.Release|iPhone.Build.0 = Release|Any CPU
		{C685107D-3A02-4CF8-9E79-639A8D796ECB}.Release|iPhone.Deploy.0 = Release|Any CPU
		{C685107D-3A02-4CF8-9E79-639A8D796ECB}.Release|iPhoneSimulator.ActiveCfg = Release|Any CPU
		{C685107D-3A02-4CF8-9E79-639A8D796ECB}.Release|iPhoneSimulator.Build.0 = Release|Any CPU
		{C685107D-3A02-4CF8-9E79-639A8D796ECB}.Release|iPhoneSimulator.Deploy.0 = Release|Any CPU
		{E2F085B4-C89E-4288-BE2B-F67E87F67799}.Debug|Any CPU.ActiveCfg = Debug|iPhone
		{E2F085B4-C89E-4288-BE2B-F67E87F67799}.Debug|iPhone.ActiveCfg = Debug|iPhone
		{E2F085B4-C89E-4288-BE2B-F67E87F67799}.Debug|iPhone.Build.0 = Debug|iPhone
		{E2F085B4-C89E-4288-BE2B-F67E87F67799}.Debug|iPhoneSimulator.ActiveCfg = Debug|iPhoneSimulator
		{E2F085B4-C89E-4288-BE2B-F67E87F67799}.Debug|iPhoneSimulator.Build.0 = Debug|iPhoneSimulator
		{E2F085B4-C89E-4288-BE2B-F67E87F67799}.Release|Any CPU.ActiveCfg = Release|iPhone
		{E2F085B4-C89E-4288-BE2B-F67E87F67799}.Release|iPhone.ActiveCfg = Release|iPhone
		{E2F085B4-C89E-4288-BE2B-F67E87F67799}.Release|iPhone.Build.0 = Release|iPhone
		{E2F085B4-C89E-4288-BE2B-F67E87F67799}.Release|iPhoneSimulator.ActiveCfg = Release|iPhoneSimulator
		{E2F085B4-C89E-4288-BE2B-F67E87F67799}.Release|iPhoneSimulator.Build.0 = Release|iPhoneSimulator
	EndGlobalSection
	GlobalSection(SolutionProperties) = preSolution
		HideSolutionNode = FALSE
	EndGlobalSection
	GlobalSection(NestedProjects) = preSolution
		{0E9E27E3-7F19-4994-BE76-D3C3632E409A} = {416D9CC9-4A36-425C-8E0F-FBA8BDEC5242}
		{C685107D-3A02-4CF8-9E79-639A8D796ECB} = {416D9CC9-4A36-425C-8E0F-FBA8BDEC5242}
		{E2F085B4-C89E-4288-BE2B-F67E87F67799} = {416D9CC9-4A36-425C-8E0F-FBA8BDEC5242}
	EndGlobalSection
	GlobalSection(ExtensibilityGlobals) = postSolution
		SolutionGuid = {047A2E87-F0BC-4441-A331-D2BD7BDB38D4}
	EndGlobalSection
EndGlobal
